
Microsoft Visual Studio Solution File, Format Version 12.00
# Visual Studio Version 17
VisualStudioVersion = 17.4.33213.308
MinimumVisualStudioVersion = 10.0.40219.1
Project("{FAE04EC0-301F-11D3-BF4B-00C04F79EFBC}") = "MyConsoleApp", "OddOrEven\MyConsoleApp.csproj", "{05E427D4-8F62-479C-B6AA-56C2597BC2EC}"
EndProject
Project("{FAE04EC0-301F-11D3-BF4B-00C04F79EFBC}") = "TestProject1", "TestProject1\TestProject1.csproj", "{FCFDB786-6DBE-4A97-BB2F-AFB3E3F9D6D7}"
EndProject
Global
	GlobalSection(SolutionConfigurationPlatforms) = preSolution
		Debug|Any CPU = Debug|Any CPU
		Release|Any CPU = Release|Any CPU
	EndGlobalSection
	GlobalSection(ProjectConfigurationPlatforms) = postSolution
		{05E427D4-8F62-479C-B6AA-56C2597BC2EC}.Debug|Any CPU.ActiveCfg = Debug|Any CPU
		{05E427D4-8F62-479C-B6AA-56C2597BC2EC}.Debug|Any CPU.Build.0 = Debug|Any CPU
		{05E427D4-8F62-479C-B6AA-56C2597BC2EC}.Release|Any CPU.ActiveCfg = Release|Any CPU
		{05E427D4-8F62-479C-B6AA-56C2597BC2EC}.Release|Any CPU.Build.0 = Release|Any CPU
		{FCFDB786-6DBE-4A97-BB2F-AFB3E3F9D6D7}.Debug|Any CPU.ActiveCfg = Debug|Any CPU
		{FCFDB786-6DBE-4A97-BB2F-AFB3E3F9D6D7}.Debug|Any CPU.Build.0 = Debug|Any CPU
		{FCFDB786-6DBE-4A97-BB2F-AFB3E3F9D6D7}.Release|Any CPU.ActiveCfg = Release|Any CPU
		{FCFDB786-6DBE-4A97-BB2F-AFB3E3F9D6D7}.Release|Any CPU.Build.0 = Release|Any CPU
	EndGlobalSection
	GlobalSection(SolutionProperties) = preSolution
		HideSolutionNode = FALSE
	EndGlobalSection
	GlobalSection(ExtensibilityGlobals) = postSolution
		SolutionGuid = {28A20B59-7D5A-4299-B041-AE7A5CDF887B}
	EndGlobalSection
EndGlobal
